// !$*UTF8*$!
{
	archiveVersion = 1;
	classes = {
	};
	objectVersion = 55;
	objects = {

/* Begin PBXBuildFile section */
		1D55304904298240C729FD3A /* Pods_Messenger.framework in Frameworks */ = {isa = PBXBuildFile; fileRef = A804232A4D4F1CA22862A418 /* Pods_Messenger.framework */; };
		915D10FE2739455E009EF585 /* ChatViewController.swift in Sources */ = {isa = PBXBuildFile; fileRef = 915D10FD2739455E009EF585 /* ChatViewController.swift */; };
		9180655027369E59008F3906 /* AppDelegate.swift in Sources */ = {isa = PBXBuildFile; fileRef = 9180654F27369E59008F3906 /* AppDelegate.swift */; };
		9180655227369E59008F3906 /* SceneDelegate.swift in Sources */ = {isa = PBXBuildFile; fileRef = 9180655127369E59008F3906 /* SceneDelegate.swift */; };
		9180655427369E59008F3906 /* ConversationsViewController.swift in Sources */ = {isa = PBXBuildFile; fileRef = 9180655327369E59008F3906 /* ConversationsViewController.swift */; };
		9180655727369E59008F3906 /* Main.storyboard in Resources */ = {isa = PBXBuildFile; fileRef = 9180655527369E59008F3906 /* Main.storyboard */; };
		9180655927369E5B008F3906 /* Assets.xcassets in Resources */ = {isa = PBXBuildFile; fileRef = 9180655827369E5B008F3906 /* Assets.xcassets */; };
		9180655C27369E5B008F3906 /* LaunchScreen.storyboard in Resources */ = {isa = PBXBuildFile; fileRef = 9180655A27369E5B008F3906 /* LaunchScreen.storyboard */; };
		918065692736A009008F3906 /* LoginViewController.swift in Sources */ = {isa = PBXBuildFile; fileRef = 918065682736A009008F3906 /* LoginViewController.swift */; };
		9180656B2736A018008F3906 /* RegisterViewController.swift in Sources */ = {isa = PBXBuildFile; fileRef = 9180656A2736A018008F3906 /* RegisterViewController.swift */; };
		9180656D2736A038008F3906 /* PhotoViewerViewController.swift in Sources */ = {isa = PBXBuildFile; fileRef = 9180656C2736A038008F3906 /* PhotoViewerViewController.swift */; };
		9180656F2736A04A008F3906 /* VideoPlayerViewController.swift in Sources */ = {isa = PBXBuildFile; fileRef = 9180656E2736A04A008F3906 /* VideoPlayerViewController.swift */; };
		918065712736A060008F3906 /* NewConversationViewController.swift in Sources */ = {isa = PBXBuildFile; fileRef = 918065702736A060008F3906 /* NewConversationViewController.swift */; };
		918065732736A06D008F3906 /* ProfileViewController.swift in Sources */ = {isa = PBXBuildFile; fileRef = 918065722736A06D008F3906 /* ProfileViewController.swift */; };
		918065762736A565008F3906 /* Extensions.swift in Sources */ = {isa = PBXBuildFile; fileRef = 918065752736A565008F3906 /* Extensions.swift */; };
		918225A4273A6D30005FEA26 /* ConversationTableViewCell.swift in Sources */ = {isa = PBXBuildFile; fileRef = 918225A3273A6D30005FEA26 /* ConversationTableViewCell.swift */; };
		9182276D2736E8DE00ECA0D8 /* DatabaseManager.swift in Sources */ = {isa = PBXBuildFile; fileRef = 9182276C2736E8DE00ECA0D8 /* DatabaseManager.swift */; };
		91BDE74C2736DE4C0044FC83 /* GoogleService-Info.plist in Resources */ = {isa = PBXBuildFile; fileRef = 91BDE74B2736DE4C0044FC83 /* GoogleService-Info.plist */; };
		91BF2F44273D302400BC4EB9 /* NewConversationCell.swift in Sources */ = {isa = PBXBuildFile; fileRef = 91BF2F43273D302400BC4EB9 /* NewConversationCell.swift */; };
		91DDAD44273989E700D76238 /* StorageManager.swift in Sources */ = {isa = PBXBuildFile; fileRef = 91DDAD43273989E700D76238 /* StorageManager.swift */; };
/* End PBXBuildFile section */

/* Begin PBXFileReference section */
		47B0BE9891D135F986A64DD9 /* Pods-Messenger.release.xcconfig */ = {isa = PBXFileReference; includeInIndex = 1; lastKnownFileType = text.xcconfig; name = "Pods-Messenger.release.xcconfig"; path = "Target Support Files/Pods-Messenger/Pods-Messenger.release.xcconfig"; sourceTree = "<group>"; };
		915D10FD2739455E009EF585 /* ChatViewController.swift */ = {isa = PBXFileReference; lastKnownFileType = sourcecode.swift; path = ChatViewController.swift; sourceTree = "<group>"; };
		9180654C27369E59008F3906 /* Messenger.app */ = {isa = PBXFileReference; explicitFileType = wrapper.application; includeInIndex = 0; path = Messenger.app; sourceTree = BUILT_PRODUCTS_DIR; };
		9180654F27369E59008F3906 /* AppDelegate.swift */ = {isa = PBXFileReference; lastKnownFileType = sourcecode.swift; path = AppDelegate.swift; sourceTree = "<group>"; };
		9180655127369E59008F3906 /* SceneDelegate.swift */ = {isa = PBXFileReference; lastKnownFileType = sourcecode.swift; path = SceneDelegate.swift; sourceTree = "<group>"; };
		9180655327369E59008F3906 /* ConversationsViewController.swift */ = {isa = PBXFileReference; lastKnownFileType = sourcecode.swift; path = ConversationsViewController.swift; sourceTree = "<group>"; };
		9180655627369E59008F3906 /* Base */ = {isa = PBXFileReference; lastKnownFileType = file.storyboard; name = Base; path = Base.lproj/Main.storyboard; sourceTree = "<group>"; };
		9180655827369E5B008F3906 /* Assets.xcassets */ = {isa = PBXFileReference; lastKnownFileType = folder.assetcatalog; path = Assets.xcassets; sourceTree = "<group>"; };
		9180655B27369E5B008F3906 /* Base */ = {isa = PBXFileReference; lastKnownFileType = file.storyboard; name = Base; path = Base.lproj/LaunchScreen.storyboard; sourceTree = "<group>"; };
		9180655D27369E5B008F3906 /* Info.plist */ = {isa = PBXFileReference; lastKnownFileType = text.plist.xml; path = Info.plist; sourceTree = "<group>"; };
		918065682736A009008F3906 /* LoginViewController.swift */ = {isa = PBXFileReference; lastKnownFileType = sourcecode.swift; path = LoginViewController.swift; sourceTree = "<group>"; };
		9180656A2736A018008F3906 /* RegisterViewController.swift */ = {isa = PBXFileReference; lastKnownFileType = sourcecode.swift; path = RegisterViewController.swift; sourceTree = "<group>"; };
		9180656C2736A038008F3906 /* PhotoViewerViewController.swift */ = {isa = PBXFileReference; lastKnownFileType = sourcecode.swift; path = PhotoViewerViewController.swift; sourceTree = "<group>"; };
		9180656E2736A04A008F3906 /* VideoPlayerViewController.swift */ = {isa = PBXFileReference; lastKnownFileType = sourcecode.swift; path = VideoPlayerViewController.swift; sourceTree = "<group>"; };
		918065702736A060008F3906 /* NewConversationViewController.swift */ = {isa = PBXFileReference; lastKnownFileType = sourcecode.swift; path = NewConversationViewController.swift; sourceTree = "<group>"; };
		918065722736A06D008F3906 /* ProfileViewController.swift */ = {isa = PBXFileReference; lastKnownFileType = sourcecode.swift; path = ProfileViewController.swift; sourceTree = "<group>"; };
		918065752736A565008F3906 /* Extensions.swift */ = {isa = PBXFileReference; lastKnownFileType = sourcecode.swift; path = Extensions.swift; sourceTree = "<group>"; };
		918225A3273A6D30005FEA26 /* ConversationTableViewCell.swift */ = {isa = PBXFileReference; lastKnownFileType = sourcecode.swift; path = ConversationTableViewCell.swift; sourceTree = "<group>"; };
		9182276C2736E8DE00ECA0D8 /* DatabaseManager.swift */ = {isa = PBXFileReference; lastKnownFileType = sourcecode.swift; path = DatabaseManager.swift; sourceTree = "<group>"; };
		91BDE74B2736DE4C0044FC83 /* GoogleService-Info.plist */ = {isa = PBXFileReference; fileEncoding = 4; lastKnownFileType = text.plist.xml; path = "GoogleService-Info.plist"; sourceTree = "<group>"; };
		91BF2F43273D302400BC4EB9 /* NewConversationCell.swift */ = {isa = PBXFileReference; lastKnownFileType = sourcecode.swift; path = NewConversationCell.swift; sourceTree = "<group>"; };
		91DDAD43273989E700D76238 /* StorageManager.swift */ = {isa = PBXFileReference; lastKnownFileType = sourcecode.swift; path = StorageManager.swift; sourceTree = "<group>"; };
		A804232A4D4F1CA22862A418 /* Pods_Messenger.framework */ = {isa = PBXFileReference; explicitFileType = wrapper.framework; includeInIndex = 0; path = Pods_Messenger.framework; sourceTree = BUILT_PRODUCTS_DIR; };
		B3C9B361A3CDC393F9712ACB /* Pods-Messenger.debug.xcconfig */ = {isa = PBXFileReference; includeInIndex = 1; lastKnownFileType = text.xcconfig; name = "Pods-Messenger.debug.xcconfig"; path = "Target Support Files/Pods-Messenger/Pods-Messenger.debug.xcconfig"; sourceTree = "<group>"; };
/* End PBXFileReference section */

/* Begin PBXFrameworksBuildPhase section */
		9180654927369E59008F3906 /* Frameworks */ = {
			isa = PBXFrameworksBuildPhase;
			buildActionMask = 2147483647;
			files = (
				1D55304904298240C729FD3A /* Pods_Messenger.framework in Frameworks */,
			);
			runOnlyForDeploymentPostprocessing = 0;
		};
/* End PBXFrameworksBuildPhase section */

/* Begin PBXGroup section */
		2EE753929B0AEF398DDC0A11 /* Frameworks */ = {
			isa = PBXGroup;
			children = (
				A804232A4D4F1CA22862A418 /* Pods_Messenger.framework */,
			);
			name = Frameworks;
			sourceTree = "<group>";
		};
		90A12E618D25A33B5F5AC092 /* Pods */ = {
			isa = PBXGroup;
			children = (
				B3C9B361A3CDC393F9712ACB /* Pods-Messenger.debug.xcconfig */,
				47B0BE9891D135F986A64DD9 /* Pods-Messenger.release.xcconfig */,
			);
			path = Pods;
			sourceTree = "<group>";
		};
		9180654327369E59008F3906 = {
			isa = PBXGroup;
			children = (
				9180654E27369E59008F3906 /* Messenger */,
				9180654D27369E59008F3906 /* Products */,
				90A12E618D25A33B5F5AC092 /* Pods */,
				2EE753929B0AEF398DDC0A11 /* Frameworks */,
			);
			sourceTree = "<group>";
		};
		9180654D27369E59008F3906 /* Products */ = {
			isa = PBXGroup;
			children = (
				9180654C27369E59008F3906 /* Messenger.app */,
			);
			name = Products;
			sourceTree = "<group>";
		};
		9180654E27369E59008F3906 /* Messenger */ = {
			isa = PBXGroup;
			children = (
				91BDE74B2736DE4C0044FC83 /* GoogleService-Info.plist */,
				9180656627369EA2008F3906 /* Resources */,
				9180656527369E99008F3906 /* Models */,
				9180656427369E8A008F3906 /* Controllers */,
				9180656327369E81008F3906 /* Views */,
				9180655D27369E5B008F3906 /* Info.plist */,
			);
			path = Messenger;
			sourceTree = "<group>";
		};
		9180656327369E81008F3906 /* Views */ = {
			isa = PBXGroup;
			children = (
				91BF2F43273D302400BC4EB9 /* NewConversationCell.swift */,
				918225A3273A6D30005FEA26 /* ConversationTableViewCell.swift */,
				9180656727369EBA008F3906 /* Storyboards */,
			);
			path = Views;
			sourceTree = "<group>";
		};
		9180656427369E8A008F3906 /* Controllers */ = {
			isa = PBXGroup;
			children = (
				9180655327369E59008F3906 /* ConversationsViewController.swift */,
				918065742736A15D008F3906 /* Login */,
				9180656C2736A038008F3906 /* PhotoViewerViewController.swift */,
				9180656E2736A04A008F3906 /* VideoPlayerViewController.swift */,
				918065702736A060008F3906 /* NewConversationViewController.swift */,
				918065722736A06D008F3906 /* ProfileViewController.swift */,
				915D10FD2739455E009EF585 /* ChatViewController.swift */,
			);
			path = Controllers;
			sourceTree = "<group>";
		};
		9180656527369E99008F3906 /* Models */ = {
			isa = PBXGroup;
			children = (
			);
			path = Models;
			sourceTree = "<group>";
		};
		9180656627369EA2008F3906 /* Resources */ = {
			isa = PBXGroup;
			children = (
				9180654F27369E59008F3906 /* AppDelegate.swift */,
				9180655127369E59008F3906 /* SceneDelegate.swift */,
				918065752736A565008F3906 /* Extensions.swift */,
				9182276C2736E8DE00ECA0D8 /* DatabaseManager.swift */,
				91DDAD43273989E700D76238 /* StorageManager.swift */,
			);
			path = Resources;
			sourceTree = "<group>";
		};
		9180656727369EBA008F3906 /* Storyboards */ = {
			isa = PBXGroup;
			children = (
				9180655527369E59008F3906 /* Main.storyboard */,
				9180655A27369E5B008F3906 /* LaunchScreen.storyboard */,
				9180655827369E5B008F3906 /* Assets.xcassets */,
			);
			path = Storyboards;
			sourceTree = "<group>";
		};
		918065742736A15D008F3906 /* Login */ = {
			isa = PBXGroup;
			children = (
				918065682736A009008F3906 /* LoginViewController.swift */,
				9180656A2736A018008F3906 /* RegisterViewController.swift */,
			);
			path = Login;
			sourceTree = "<group>";
		};
/* End PBXGroup section */

/* Begin PBXNativeTarget section */
		9180654B27369E59008F3906 /* Messenger */ = {
			isa = PBXNativeTarget;
			buildConfigurationList = 9180656027369E5B008F3906 /* Build configuration list for PBXNativeTarget "Messenger" */;
			buildPhases = (
				F4C29F8DDEB90A3398318E56 /* [CP] Check Pods Manifest.lock */,
				9180654827369E59008F3906 /* Sources */,
				9180654927369E59008F3906 /* Frameworks */,
				9180654A27369E59008F3906 /* Resources */,
				6057C9F5CCCF56A9496803CB /* [CP] Embed Pods Frameworks */,
				79BA1110B31DBBB54E704977 /* [CP] Copy Pods Resources */,
			);
			buildRules = (
			);
			dependencies = (
			);
			name = Messenger;
			productName = Messenger;
			productReference = 9180654C27369E59008F3906 /* Messenger.app */;
			productType = "com.apple.product-type.application";
		};
/* End PBXNativeTarget section */

/* Begin PBXProject section */
		9180654427369E59008F3906 /* Project object */ = {
			isa = PBXProject;
			attributes = {
				BuildIndependentTargetsInParallel = 1;
				LastSwiftUpdateCheck = 1300;
				LastUpgradeCheck = 1300;
				TargetAttributes = {
					9180654B27369E59008F3906 = {
						CreatedOnToolsVersion = 13.0;
					};
				};
			};
			buildConfigurationList = 9180654727369E59008F3906 /* Build configuration list for PBXProject "Messenger" */;
			compatibilityVersion = "Xcode 13.0";
			developmentRegion = en;
			hasScannedForEncodings = 0;
			knownRegions = (
				en,
				Base,
			);
			mainGroup = 9180654327369E59008F3906;
			productRefGroup = 9180654D27369E59008F3906 /* Products */;
			projectDirPath = "";
			projectRoot = "";
			targets = (
				9180654B27369E59008F3906 /* Messenger */,
			);
		};
/* End PBXProject section */

/* Begin PBXResourcesBuildPhase section */
		9180654A27369E59008F3906 /* Resources */ = {
			isa = PBXResourcesBuildPhase;
			buildActionMask = 2147483647;
			files = (
				9180655C27369E5B008F3906 /* LaunchScreen.storyboard in Resources */,
				9180655927369E5B008F3906 /* Assets.xcassets in Resources */,
				91BDE74C2736DE4C0044FC83 /* GoogleService-Info.plist in Resources */,
				9180655727369E59008F3906 /* Main.storyboard in Resources */,
			);
			runOnlyForDeploymentPostprocessing = 0;
		};
/* End PBXResourcesBuildPhase section */

/* Begin PBXShellScriptBuildPhase section */
		6057C9F5CCCF56A9496803CB /* [CP] Embed Pods Frameworks */ = {
			isa = PBXShellScriptBuildPhase;
			buildActionMask = 2147483647;
			files = (
			);
			inputFileListPaths = (
				"${PODS_ROOT}/Target Support Files/Pods-Messenger/Pods-Messenger-frameworks-${CONFIGURATION}-input-files.xcfilelist",
			);
			name = "[CP] Embed Pods Frameworks";
			outputFileListPaths = (
				"${PODS_ROOT}/Target Support Files/Pods-Messenger/Pods-Messenger-frameworks-${CONFIGURATION}-output-files.xcfilelist",
			);
			runOnlyForDeploymentPostprocessing = 0;
			shellPath = /bin/sh;
			shellScript = "\"${PODS_ROOT}/Target Support Files/Pods-Messenger/Pods-Messenger-frameworks.sh\"\n";
			showEnvVarsInLog = 0;
		};
		79BA1110B31DBBB54E704977 /* [CP] Copy Pods Resources */ = {
			isa = PBXShellScriptBuildPhase;
			buildActionMask = 2147483647;
			files = (
			);
			inputFileListPaths = (
				"${PODS_ROOT}/Target Support Files/Pods-Messenger/Pods-Messenger-resources-${CONFIGURATION}-input-files.xcfilelist",
			);
			name = "[CP] Copy Pods Resources";
			outputFileListPaths = (
				"${PODS_ROOT}/Target Support Files/Pods-Messenger/Pods-Messenger-resources-${CONFIGURATION}-output-files.xcfilelist",
			);
			runOnlyForDeploymentPostprocessing = 0;
			shellPath = /bin/sh;
			shellScript = "\"${PODS_ROOT}/Target Support Files/Pods-Messenger/Pods-Messenger-resources.sh\"\n";
			showEnvVarsInLog = 0;
		};
		F4C29F8DDEB90A3398318E56 /* [CP] Check Pods Manifest.lock */ = {
			isa = PBXShellScriptBuildPhase;
			buildActionMask = 2147483647;
			files = (
			);
			inputFileListPaths = (
			);
			inputPaths = (
				"${PODS_PODFILE_DIR_PATH}/Podfile.lock",
				"${PODS_ROOT}/Manifest.lock",
			);
			name = "[CP] Check Pods Manifest.lock";
			outputFileListPaths = (
			);
			outputPaths = (
				"$(DERIVED_FILE_DIR)/Pods-Messenger-checkManifestLockResult.txt",
			);
			runOnlyForDeploymentPostprocessing = 0;
			shellPath = /bin/sh;
			shellScript = "diff \"${PODS_PODFILE_DIR_PATH}/Podfile.lock\" \"${PODS_ROOT}/Manifest.lock\" > /dev/null\nif [ $? != 0 ] ; then\n    # print error to STDERR\n    echo \"error: The sandbox is not in sync with the Podfile.lock. Run 'pod install' or update your CocoaPods installation.\" >&2\n    exit 1\nfi\n# This output is used by Xcode 'outputs' to avoid re-running this script phase.\necho \"SUCCESS\" > \"${SCRIPT_OUTPUT_FILE_0}\"\n";
			showEnvVarsInLog = 0;
		};
/* End PBXShellScriptBuildPhase section */

/* Begin PBXSourcesBuildPhase section */
		9180654827369E59008F3906 /* Sources */ = {
			isa = PBXSourcesBuildPhase;
			buildActionMask = 2147483647;
			files = (
				918065692736A009008F3906 /* LoginViewController.swift in Sources */,
				91BF2F44273D302400BC4EB9 /* NewConversationCell.swift in Sources */,
				9182276D2736E8DE00ECA0D8 /* DatabaseManager.swift in Sources */,
				9180656B2736A018008F3906 /* RegisterViewController.swift in Sources */,
				918065712736A060008F3906 /* NewConversationViewController.swift in Sources */,
				9180655427369E59008F3906 /* ConversationsViewController.swift in Sources */,
				9180656F2736A04A008F3906 /* VideoPlayerViewController.swift in Sources */,
				918065762736A565008F3906 /* Extensions.swift in Sources */,
				9180655027369E59008F3906 /* AppDelegate.swift in Sources */,
				918065732736A06D008F3906 /* ProfileViewController.swift in Sources */,
				9180655227369E59008F3906 /* SceneDelegate.swift in Sources */,
				918225A4273A6D30005FEA26 /* ConversationTableViewCell.swift in Sources */,
				915D10FE2739455E009EF585 /* ChatViewController.swift in Sources */,
				9180656D2736A038008F3906 /* PhotoViewerViewController.swift in Sources */,
				91DDAD44273989E700D76238 /* StorageManager.swift in Sources */,
			);
			runOnlyForDeploymentPostprocessing = 0;
		};
/* End PBXSourcesBuildPhase section */

/* Begin PBXVariantGroup section */
		9180655527369E59008F3906 /* Main.storyboard */ = {
			isa = PBXVariantGroup;
			children = (
				9180655627369E59008F3906 /* Base */,
			);
			name = Main.storyboard;
			sourceTree = "<group>";
		};
		9180655A27369E5B008F3906 /* LaunchScreen.storyboard */ = {
			isa = PBXVariantGroup;
			children = (
				9180655B27369E5B008F3906 /* Base */,
			);
			name = LaunchScreen.storyboard;
			sourceTree = "<group>";
		};
/* End PBXVariantGroup section */

/* Begin XCBuildConfiguration section */
		9180655E27369E5B008F3906 /* Debug */ = {
			isa = XCBuildConfiguration;
			buildSettings = {
				ALWAYS_SEARCH_USER_PATHS = NO;
				CLANG_ANALYZER_NONNULL = YES;
				CLANG_ANALYZER_NUMBER_OBJECT_CONVERSION = YES_AGGRESSIVE;
				CLANG_CXX_LANGUAGE_STANDARD = "gnu++17";
				CLANG_CXX_LIBRARY = "libc++";
				CLANG_ENABLE_MODULES = YES;
				CLANG_ENABLE_OBJC_ARC = YES;
				CLANG_ENABLE_OBJC_WEAK = YES;
				CLANG_WARN_BLOCK_CAPTURE_AUTORELEASING = YES;
				CLANG_WARN_BOOL_CONVERSION = YES;
				CLANG_WARN_COMMA = YES;
				CLANG_WARN_CONSTANT_CONVERSION = YES;
				CLANG_WARN_DEPRECATED_OBJC_IMPLEMENTATIONS = YES;
				CLANG_WARN_DIRECT_OBJC_ISA_USAGE = YES_ERROR;
				CLANG_WARN_DOCUMENTATION_COMMENTS = YES;
				CLANG_WARN_EMPTY_BODY = YES;
				CLANG_WARN_ENUM_CONVERSION = YES;
				CLANG_WARN_INFINITE_RECURSION = YES;
				CLANG_WARN_INT_CONVERSION = YES;
				CLANG_WARN_NON_LITERAL_NULL_CONVERSION = YES;
				CLANG_WARN_OBJC_IMPLICIT_RETAIN_SELF = YES;
				CLANG_WARN_OBJC_LITERAL_CONVERSION = YES;
				CLANG_WARN_OBJC_ROOT_CLASS = YES_ERROR;
				CLANG_WARN_QUOTED_INCLUDE_IN_FRAMEWORK_HEADER = YES;
				CLANG_WARN_RANGE_LOOP_ANALYSIS = YES;
				CLANG_WARN_STRICT_PROTOTYPES = YES;
				CLANG_WARN_SUSPICIOUS_MOVE = YES;
				CLANG_WARN_UNGUARDED_AVAILABILITY = YES_AGGRESSIVE;
				CLANG_WARN_UNREACHABLE_CODE = YES;
				CLANG_WARN__DUPLICATE_METHOD_MATCH = YES;
				COPY_PHASE_STRIP = NO;
				DEBUG_INFORMATION_FORMAT = dwarf;
				ENABLE_STRICT_OBJC_MSGSEND = YES;
				ENABLE_TESTABILITY = YES;
				GCC_C_LANGUAGE_STANDARD = gnu11;
				GCC_DYNAMIC_NO_PIC = NO;
				GCC_NO_COMMON_BLOCKS = YES;
				GCC_OPTIMIZATION_LEVEL = 0;
				GCC_PREPROCESSOR_DEFINITIONS = (
					"DEBUG=1",
					"$(inherited)",
				);
				GCC_WARN_64_TO_32_BIT_CONVERSION = YES;
				GCC_WARN_ABOUT_RETURN_TYPE = YES_ERROR;
				GCC_WARN_UNDECLARED_SELECTOR = YES;
				GCC_WARN_UNINITIALIZED_AUTOS = YES_AGGRESSIVE;
				GCC_WARN_UNUSED_FUNCTION = YES;
				GCC_WARN_UNUSED_VARIABLE = YES;
				IPHONEOS_DEPLOYMENT_TARGET = 15.0;
				MTL_ENABLE_DEBUG_INFO = INCLUDE_SOURCE;
				MTL_FAST_MATH = YES;
				ONLY_ACTIVE_ARCH = YES;
				SDKROOT = iphoneos;
				SWIFT_ACTIVE_COMPILATION_CONDITIONS = DEBUG;
				SWIFT_OPTIMIZATION_LEVEL = "-Onone";
			};
			name = Debug;
		};
		9180655F27369E5B008F3906 /* Release */ = {
			isa = XCBuildConfiguration;
			buildSettings = {
				ALWAYS_SEARCH_USER_PATHS = NO;
				CLANG_ANALYZER_NONNULL = YES;
				CLANG_ANALYZER_NUMBER_OBJECT_CONVERSION = YES_AGGRESSIVE;
				CLANG_CXX_LANGUAGE_STANDARD = "gnu++17";
				CLANG_CXX_LIBRARY = "libc++";
				CLANG_ENABLE_MODULES = YES;
				CLANG_ENABLE_OBJC_ARC = YES;
				CLANG_ENABLE_OBJC_WEAK = YES;
				CLANG_WARN_BLOCK_CAPTURE_AUTORELEASING = YES;
				CLANG_WARN_BOOL_CONVERSION = YES;
				CLANG_WARN_COMMA = YES;
				CLANG_WARN_CONSTANT_CONVERSION = YES;
				CLANG_WARN_DEPRECATED_OBJC_IMPLEMENTATIONS = YES;
				CLANG_WARN_DIRECT_OBJC_ISA_USAGE = YES_ERROR;
				CLANG_WARN_DOCUMENTATION_COMMENTS = YES;
				CLANG_WARN_EMPTY_BODY = YES;
				CLANG_WARN_ENUM_CONVERSION = YES;
				CLANG_WARN_INFINITE_RECURSION = YES;
				CLANG_WARN_INT_CONVERSION = YES;
				CLANG_WARN_NON_LITERAL_NULL_CONVERSION = YES;
				CLANG_WARN_OBJC_IMPLICIT_RETAIN_SELF = YES;
				CLANG_WARN_OBJC_LITERAL_CONVERSION = YES;
				CLANG_WARN_OBJC_ROOT_CLASS = YES_ERROR;
				CLANG_WARN_QUOTED_INCLUDE_IN_FRAMEWORK_HEADER = YES;
				CLANG_WARN_RANGE_LOOP_ANALYSIS = YES;
				CLANG_WARN_STRICT_PROTOTYPES = YES;
				CLANG_WARN_SUSPICIOUS_MOVE = YES;
				CLANG_WARN_UNGUARDED_AVAILABILITY = YES_AGGRESSIVE;
				CLANG_WARN_UNREACHABLE_CODE = YES;
				CLANG_WARN__DUPLICATE_METHOD_MATCH = YES;
				COPY_PHASE_STRIP = NO;
				DEBUG_INFORMATION_FORMAT = "dwarf-with-dsym";
				ENABLE_NS_ASSERTIONS = NO;
				ENABLE_STRICT_OBJC_MSGSEND = YES;
				GCC_C_LANGUAGE_STANDARD = gnu11;
				GCC_NO_COMMON_BLOCKS = YES;
				GCC_WARN_64_TO_32_BIT_CONVERSION = YES;
				GCC_WARN_ABOUT_RETURN_TYPE = YES_ERROR;
				GCC_WARN_UNDECLARED_SELECTOR = YES;
				GCC_WARN_UNINITIALIZED_AUTOS = YES_AGGRESSIVE;
				GCC_WARN_UNUSED_FUNCTION = YES;
				GCC_WARN_UNUSED_VARIABLE = YES;
				IPHONEOS_DEPLOYMENT_TARGET = 15.0;
				MTL_ENABLE_DEBUG_INFO = NO;
				MTL_FAST_MATH = YES;
				SDKROOT = iphoneos;
				SWIFT_COMPILATION_MODE = wholemodule;
				SWIFT_OPTIMIZATION_LEVEL = "-O";
				VALIDATE_PRODUCT = YES;
			};
			name = Release;
		};
		9180656127369E5B008F3906 /* Debug */ = {
			isa = XCBuildConfiguration;
			baseConfigurationReference = B3C9B361A3CDC393F9712ACB /* Pods-Messenger.debug.xcconfig */;
			buildSettings = {
				ASSETCATALOG_COMPILER_APPICON_NAME = AppIcon;
				ASSETCATALOG_COMPILER_GLOBAL_ACCENT_COLOR_NAME = AccentColor;
				CODE_SIGN_STYLE = Automatic;
				CURRENT_PROJECT_VERSION = 1;
				DEVELOPMENT_TEAM = 8ZYH9A6QJL;
				GENERATE_INFOPLIST_FILE = YES;
				INFOPLIST_FILE = Messenger/Info.plist;
				INFOPLIST_KEY_CFBundleDisplayName = "My Messenger";
				INFOPLIST_KEY_NSCameraUsageDescription = "Please allow access to take a profile picture";
				INFOPLIST_KEY_NSMicrophoneUsageDescription = "Please allow access to send audio and video messages";
				INFOPLIST_KEY_NSPhotoLibraryAddUsageDescription = "Please allow access to select a photo for your profile";
				INFOPLIST_KEY_UIApplicationSupportsIndirectInputEvents = YES;
				INFOPLIST_KEY_UILaunchStoryboardName = LaunchScreen;
				INFOPLIST_KEY_UIMainStoryboardFile = Main;
				INFOPLIST_KEY_UISupportedInterfaceOrientations = UIInterfaceOrientationPortrait;
				INFOPLIST_KEY_UISupportedInterfaceOrientations_iPad = "UIInterfaceOrientationPortrait UIInterfaceOrientationPortraitUpsideDown UIInterfaceOrientationLandscapeLeft UIInterfaceOrientationLandscapeRight";
				INFOPLIST_KEY_UISupportedInterfaceOrientations_iPhone = "UIInterfaceOrientationPortrait UIInterfaceOrientationLandscapeLeft UIInterfaceOrientationLandscapeRight";
				IPHONEOS_DEPLOYMENT_TARGET = 15.0;
				LD_RUNPATH_SEARCH_PATHS = (
					"$(inherited)",
					"@executable_path/Frameworks",
				);
				MARKETING_VERSION = 1.0;
				PRODUCT_BUNDLE_IDENTIFIER = "com.Vlad-Akymenko.Messenger";
				PRODUCT_NAME = "$(TARGET_NAME)";
				SWIFT_EMIT_LOC_STRINGS = YES;
				SWIFT_VERSION = 5.0;
				TARGETED_DEVICE_FAMILY = "1,2";
			};
			name = Debug;
		};
		9180656227369E5B008F3906 /* Release */ = {
			isa = XCBuildConfiguration;
			baseConfigurationReference = 47B0BE9891D135F986A64DD9 /* Pods-Messenger.release.xcconfig */;
			buildSettings = {
				ASSETCATALOG_COMPILER_APPICON_NAME = AppIcon;
				ASSETCATALOG_COMPILER_GLOBAL_ACCENT_COLOR_NAME = AccentColor;
				CODE_SIGN_STYLE = Automatic;
				CURRENT_PROJECT_VERSION = 1;
				DEVELOPMENT_TEAM = 8ZYH9A6QJL;
				GENERATE_INFOPLIST_FILE = YES;
				INFOPLIST_FILE = Messenger/Info.plist;
				INFOPLIST_KEY_CFBundleDisplayName = "My Messenger";
				INFOPLIST_KEY_NSCameraUsageDescription = "Please allow access to take a profile picture";
				INFOPLIST_KEY_NSMicrophoneUsageDescription = "Please allow access to send audio and video messages";
				INFOPLIST_KEY_NSPhotoLibraryAddUsageDescription = "Please allow access to select a photo for your profile";
				INFOPLIST_KEY_UIApplicationSupportsIndirectInputEvents = YES;
				INFOPLIST_KEY_UILaunchStoryboardName = LaunchScreen;
				INFOPLIST_KEY_UIMainStoryboardFile = Main;
				INFOPLIST_KEY_UISupportedInterfaceOrientations = UIInterfaceOrientationPortrait;
				INFOPLIST_KEY_UISupportedInterfaceOrientations_iPad = "UIInterfaceOrientationPortrait UIInterfaceOrientationPortraitUpsideDown UIInterfaceOrientationLandscapeLeft UIInterfaceOrientationLandscapeRight";
				INFOPLIST_KEY_UISupportedInterfaceOrientations_iPhone = "UIInterfaceOrientationPortrait UIInterfaceOrientationLandscapeLeft UIInterfaceOrientationLandscapeRight";
				IPHONEOS_DEPLOYMENT_TARGET = 15.0;
				LD_RUNPATH_SEARCH_PATHS = (
					"$(inherited)",
					"@executable_path/Frameworks",
				);
				MARKETING_VERSION = 1.0;
				PRODUCT_BUNDLE_IDENTIFIER = "com.Vlad-Akymenko.Messenger";
				PRODUCT_NAME = "$(TARGET_NAME)";
				SWIFT_EMIT_LOC_STRINGS = YES;
				SWIFT_VERSION = 5.0;
				TARGETED_DEVICE_FAMILY = "1,2";
			};
			name = Release;
		};
/* End XCBuildConfiguration section */

/* Begin XCConfigurationList section */
		9180654727369E59008F3906 /* Build configuration list for PBXProject "Messenger" */ = {
			isa = XCConfigurationList;
			buildConfigurations = (
				9180655E27369E5B008F3906 /* Debug */,
				9180655F27369E5B008F3906 /* Release */,
			);
			defaultConfigurationIsVisible = 0;
			defaultConfigurationName = Release;
		};
		9180656027369E5B008F3906 /* Build configuration list for PBXNativeTarget "Messenger" */ = {
			isa = XCConfigurationList;
			buildConfigurations = (
				9180656127369E5B008F3906 /* Debug */,
				9180656227369E5B008F3906 /* Release */,
			);
			defaultConfigurationIsVisible = 0;
			defaultConfigurationName = Release;
		};
/* End XCConfigurationList section */
	};
	rootObject = 9180654427369E59008F3906 /* Project object */;
}
